
Microsoft Visual Studio Solution File, Format Version 11.00
# Visual Studio 2010
Project("{8BC9CEB8-8B4A-11D0-8D11-00A0C91BC942}") = "OMB10", "OMB10.vcxproj", "{B2C374C8-350A-465F-9FBF-56DC64BF5E12}"
EndProject
Global
	GlobalSection(SolutionConfigurationPlatforms) = preSolution
		Client|Win32 = Client|Win32
		Debug|Win32 = Debug|Win32
		Release|Win32 = Release|Win32
		Server|Win32 = Server|Win32
	EndGlobalSection
	GlobalSection(ProjectConfigurationPlatforms) = postSolution
		{B2C374C8-350A-465F-9FBF-56DC64BF5E12}.Client|Win32.ActiveCfg = Client|Win32
		{B2C374C8-350A-465F-9FBF-56DC64BF5E12}.Client|Win32.Build.0 = Client|Win32
		{B2C374C8-350A-465F-9FBF-56DC64BF5E12}.Debug|Win32.ActiveCfg = Debug|Win32
		{B2C374C8-350A-465F-9FBF-56DC64BF5E12}.Debug|Win32.Build.0 = Debug|Win32
		{B2C374C8-350A-465F-9FBF-56DC64BF5E12}.Release|Win32.ActiveCfg = Release|Win32
		{B2C374C8-350A-465F-9FBF-56DC64BF5E12}.Release|Win32.Build.0 = Release|Win32
		{B2C374C8-350A-465F-9FBF-56DC64BF5E12}.Server|Win32.ActiveCfg = Server|Win32
		{B2C374C8-350A-465F-9FBF-56DC64BF5E12}.Server|Win32.Build.0 = Server|Win32
	EndGlobalSection
	GlobalSection(SolutionProperties) = preSolution
		HideSolutionNode = FALSE
	EndGlobalSection
EndGlobal
